
Microsoft Visual Studio Solution File, Format Version 12.00
# Visual Studio Version 17
VisualStudioVersion = 17.5.002.0
MinimumVisualStudioVersion = 10.0.40219.1
Project("{9A19103F-16F7-4668-BE54-9A1E7A4F7556}") = "SeleniumWebDriver", "SeleniumWebDriver.csproj", "{6ADB46F3-76A0-432E-950A-779C80E0E11D}"
EndProject
Project("{9A19103F-16F7-4668-BE54-9A1E7A4F7556}") = "FirstTest", "FirstTest\FirstTest.csproj", "{3AEC4AC8-D3A3-4963-BE32-B766583B0298}"
EndProject
Project("{9A19103F-16F7-4668-BE54-9A1E7A4F7556}") = "SetupYourEnv", "SetupYourEnv\SetupYourEnv.csproj", "{B1D2A520-C921-4281-AB31-D4C307037F67}"
EndProject
Global
	GlobalSection(SolutionConfigurationPlatforms) = preSolution
		Debug|Any CPU = Debug|Any CPU
		Release|Any CPU = Release|Any CPU
	EndGlobalSection
	GlobalSection(ProjectConfigurationPlatforms) = postSolution
		{6ADB46F3-76A0-432E-950A-779C80E0E11D}.Debug|Any CPU.ActiveCfg = Debug|Any CPU
		{6ADB46F3-76A0-432E-950A-779C80E0E11D}.Debug|Any CPU.Build.0 = Debug|Any CPU
		{6ADB46F3-76A0-432E-950A-779C80E0E11D}.Release|Any CPU.ActiveCfg = Release|Any CPU
		{6ADB46F3-76A0-432E-950A-779C80E0E11D}.Release|Any CPU.Build.0 = Release|Any CPU
		{3AEC4AC8-D3A3-4963-BE32-B766583B0298}.Debug|Any CPU.ActiveCfg = Debug|Any CPU
		{3AEC4AC8-D3A3-4963-BE32-B766583B0298}.Debug|Any CPU.Build.0 = Debug|Any CPU
		{3AEC4AC8-D3A3-4963-BE32-B766583B0298}.Release|Any CPU.ActiveCfg = Release|Any CPU
		{3AEC4AC8-D3A3-4963-BE32-B766583B0298}.Release|Any CPU.Build.0 = Release|Any CPU
		{B1D2A520-C921-4281-AB31-D4C307037F67}.Debug|Any CPU.ActiveCfg = Debug|Any CPU
		{B1D2A520-C921-4281-AB31-D4C307037F67}.Debug|Any CPU.Build.0 = Debug|Any CPU
		{B1D2A520-C921-4281-AB31-D4C307037F67}.Release|Any CPU.ActiveCfg = Release|Any CPU
		{B1D2A520-C921-4281-AB31-D4C307037F67}.Release|Any CPU.Build.0 = Release|Any CPU
	EndGlobalSection
	GlobalSection(SolutionProperties) = preSolution
		HideSolutionNode = FALSE
	EndGlobalSection
	GlobalSection(ExtensibilityGlobals) = postSolution
		SolutionGuid = {60F12B23-7109-401E-8917-A509BCA4B6BB}
	EndGlobalSection
EndGlobal
